
Microsoft Visual Studio Solution File, Format Version 12.00
# Visual Studio Version 17
VisualStudioVersion = 17.10.35122.118
MinimumVisualStudioVersion = 10.0.40219.1
Project("{FAE04EC0-301F-11D3-BF4B-00C04F79EFBC}") = "AppointmentProject", "AppointmentProject\AppointmentProject.csproj", "{CE1FF340-78F4-4F7E-856A-0DCCD1938523}"
EndProject
Global
	GlobalSection(SolutionConfigurationPlatforms) = preSolution
		Debug|Any CPU = Debug|Any CPU
		Release|Any CPU = Release|Any CPU
	EndGlobalSection
	GlobalSection(ProjectConfigurationPlatforms) = postSolution
		{CE1FF340-78F4-4F7E-856A-0DCCD1938523}.Debug|Any CPU.ActiveCfg = Debug|Any CPU
		{CE1FF340-78F4-4F7E-856A-0DCCD1938523}.Debug|Any CPU.Build.0 = Debug|Any CPU
		{CE1FF340-78F4-4F7E-856A-0DCCD1938523}.Release|Any CPU.ActiveCfg = Release|Any CPU
		{CE1FF340-78F4-4F7E-856A-0DCCD1938523}.Release|Any CPU.Build.0 = Release|Any CPU
	EndGlobalSection
	GlobalSection(SolutionProperties) = preSolution
		HideSolutionNode = FALSE
	EndGlobalSection
	GlobalSection(ExtensibilityGlobals) = postSolution
		SolutionGuid = {C557DA31-6D45-48EF-9BDA-976F6B341773}
	EndGlobalSection
EndGlobal
